
Microsoft Visual Studio Solution File, Format Version 12.00
# Visual Studio 15
VisualStudioVersion = 15.0.28307.421
MinimumVisualStudioVersion = 10.0.40219.1
Project("{FAE04EC0-301F-11D3-BF4B-00C04F79EFBC}") = "WebApplication", "WebApplication\WebApplication.csproj", "{D43F3F53-A1FD-4327-AEBA-E7CD294B437E}"
EndProject
Global
	GlobalSection(SolutionConfigurationPlatforms) = preSolution
		Debug|Any CPU = Debug|Any CPU
		Release|Any CPU = Release|Any CPU
	EndGlobalSection
	GlobalSection(ProjectConfigurationPlatforms) = postSolution
		{D43F3F53-A1FD-4327-AEBA-E7CD294B437E}.Debug|Any CPU.ActiveCfg = Debug|Any CPU
		{D43F3F53-A1FD-4327-AEBA-E7CD294B437E}.Debug|Any CPU.Build.0 = Debug|Any CPU
		{D43F3F53-A1FD-4327-AEBA-E7CD294B437E}.Release|Any CPU.ActiveCfg = Release|Any CPU
		{D43F3F53-A1FD-4327-AEBA-E7CD294B437E}.Release|Any CPU.Build.0 = Release|Any CPU
	EndGlobalSection
	GlobalSection(SolutionProperties) = preSolution
		HideSolutionNode = FALSE
	EndGlobalSection
	GlobalSection(ExtensibilityGlobals) = postSolution
		SolutionGuid = {6EE650F8-6F63-4E27-A446-B955AC49470B}
	EndGlobalSection
EndGlobal
