
Microsoft Visual Studio Solution File, Format Version 12.00
# Visual Studio 15
VisualStudioVersion = 15.0.28307.329
MinimumVisualStudioVersion = 10.0.40219.1
Project("{FAE04EC0-301F-11D3-BF4B-00C04F79EFBC}") = "RoutePlanningCES", "RoutePlanningCES\RoutePlanningCES.csproj", "{DD9E434B-05C1-49FC-BB6C-1F68808E3AFD}"
EndProject
Project("{FAE04EC0-301F-11D3-BF4B-00C04F79EFBC}") = "RoutePlanningCES.Tests", "RoutePlanningCES.Tests\RoutePlanningCES.Tests.csproj", "{50247633-284A-48FE-BF9A-765F6A7D67B2}"
EndProject
Project("{FAE04EC0-301F-11D3-BF4B-00C04F79EFBC}") = "Std2", "Std2\Std2.csproj", "{B9C1E13D-E864-489A-AAF1-B007ABF77E1F}"
EndProject
Global
	GlobalSection(SolutionConfigurationPlatforms) = preSolution
		Debug|Any CPU = Debug|Any CPU
		Release|Any CPU = Release|Any CPU
	EndGlobalSection
	GlobalSection(ProjectConfigurationPlatforms) = postSolution
		{DD9E434B-05C1-49FC-BB6C-1F68808E3AFD}.Debug|Any CPU.ActiveCfg = Debug|Any CPU
		{DD9E434B-05C1-49FC-BB6C-1F68808E3AFD}.Debug|Any CPU.Build.0 = Debug|Any CPU
		{DD9E434B-05C1-49FC-BB6C-1F68808E3AFD}.Release|Any CPU.ActiveCfg = Release|Any CPU
		{DD9E434B-05C1-49FC-BB6C-1F68808E3AFD}.Release|Any CPU.Build.0 = Release|Any CPU
		{50247633-284A-48FE-BF9A-765F6A7D67B2}.Debug|Any CPU.ActiveCfg = Debug|Any CPU
		{50247633-284A-48FE-BF9A-765F6A7D67B2}.Debug|Any CPU.Build.0 = Debug|Any CPU
		{50247633-284A-48FE-BF9A-765F6A7D67B2}.Release|Any CPU.ActiveCfg = Release|Any CPU
		{50247633-284A-48FE-BF9A-765F6A7D67B2}.Release|Any CPU.Build.0 = Release|Any CPU
		{B9C1E13D-E864-489A-AAF1-B007ABF77E1F}.Debug|Any CPU.ActiveCfg = Debug|Any CPU
		{B9C1E13D-E864-489A-AAF1-B007ABF77E1F}.Debug|Any CPU.Build.0 = Debug|Any CPU
		{B9C1E13D-E864-489A-AAF1-B007ABF77E1F}.Release|Any CPU.ActiveCfg = Release|Any CPU
		{B9C1E13D-E864-489A-AAF1-B007ABF77E1F}.Release|Any CPU.Build.0 = Release|Any CPU
	EndGlobalSection
	GlobalSection(SolutionProperties) = preSolution
		HideSolutionNode = FALSE
	EndGlobalSection
	GlobalSection(ExtensibilityGlobals) = postSolution
		SolutionGuid = {8A43FB0D-A656-4E7B-9F2C-3D501F83B080}
	EndGlobalSection
EndGlobal
