
Microsoft Visual Studio Solution File, Format Version 12.00
# Visual Studio 15
VisualStudioVersion = 15.0.28307.421
MinimumVisualStudioVersion = 10.0.40219.1
Project("{FAE04EC0-301F-11D3-BF4B-00C04F79EFBC}") = "WebApp", "WebApp\WebApp.csproj", "{F17AC2A7-967F-4CF6-BB1D-920A7F40C80F}"
EndProject
Project("{FAE04EC0-301F-11D3-BF4B-00C04F79EFBC}") = "WebApp.Tests", "WebApp.Tests\WebApp.Tests.csproj", "{703BBE34-D63B-4294-9ABB-B28F7013E21D}"
EndProject
Global
	GlobalSection(SolutionConfigurationPlatforms) = preSolution
		Debug|Any CPU = Debug|Any CPU
		Release|Any CPU = Release|Any CPU
	EndGlobalSection
	GlobalSection(ProjectConfigurationPlatforms) = postSolution
		{F17AC2A7-967F-4CF6-BB1D-920A7F40C80F}.Debug|Any CPU.ActiveCfg = Debug|Any CPU
		{F17AC2A7-967F-4CF6-BB1D-920A7F40C80F}.Debug|Any CPU.Build.0 = Debug|Any CPU
		{F17AC2A7-967F-4CF6-BB1D-920A7F40C80F}.Release|Any CPU.ActiveCfg = Release|Any CPU
		{F17AC2A7-967F-4CF6-BB1D-920A7F40C80F}.Release|Any CPU.Build.0 = Release|Any CPU
		{703BBE34-D63B-4294-9ABB-B28F7013E21D}.Debug|Any CPU.ActiveCfg = Debug|Any CPU
		{703BBE34-D63B-4294-9ABB-B28F7013E21D}.Debug|Any CPU.Build.0 = Debug|Any CPU
		{703BBE34-D63B-4294-9ABB-B28F7013E21D}.Release|Any CPU.ActiveCfg = Release|Any CPU
		{703BBE34-D63B-4294-9ABB-B28F7013E21D}.Release|Any CPU.Build.0 = Release|Any CPU
	EndGlobalSection
	GlobalSection(SolutionProperties) = preSolution
		HideSolutionNode = FALSE
	EndGlobalSection
	GlobalSection(ExtensibilityGlobals) = postSolution
		SolutionGuid = {2E485F4B-AD23-47DE-AD82-E9110FF577E8}
	EndGlobalSection
EndGlobal
